
Microsoft Visual Studio Solution File, Format Version 12.00
# Visual Studio 15
VisualStudioVersion = 15.0.27428.2011
MinimumVisualStudioVersion = 10.0.40219.1
Project("{8BC9CEB8-8B4A-11D0-8D11-00A0C91BC942}") = "BatchEncoder", "src\BatchEncoder.vcxproj", "{4BB519D0-F31A-461F-B69B-486ECA95DE90}"
EndProject
Project("{2150E333-8FDC-42A3-9474-1A3956D46DE8}") = "src", "src", "{B589C133-832B-4B29-B7E8-C6C1B21731BE}"
EndProject
Project("{2150E333-8FDC-42A3-9474-1A3956D46DE8}") = "common", "common", "{1801F702-E35F-488A-B695-A7396F955680}"
EndProject
Project("{8BC9CEB8-8B4A-11D0-8D11-00A0C91BC942}") = "Lua", "src\common\lua\Lua.vcxproj", "{D3051AAC-8129-45F9-A755-9CBB7C61D91D}"
EndProject
Project("{8BC9CEB8-8B4A-11D0-8D11-00A0C91BC942}") = "TinyXml2", "src\common\tinyxml2\TinyXml2.vcxproj", "{284538AC-D315-437E-AD31-D40934A43236}"
EndProject
Project("{8BC9CEB8-8B4A-11D0-8D11-00A0C91BC942}") = "Utilities", "src\common\utilities\Utilities.vcxproj", "{4B291D95-C2CA-49E3-9EB5-B9F855D32AA0}"
EndProject
Project("{2150E333-8FDC-42A3-9474-1A3956D46DE8}") = "tests", "tests", "{B6FAACD0-748B-432E-9010-B1A03B3CFDF2}"
EndProject
Project("{8BC9CEB8-8B4A-11D0-8D11-00A0C91BC942}") = "BatchEncoder.Core.UnitTests", "tests\BatchEncoder.Core.UnitTests\BatchEncoder.Core.UnitTests.vcxproj", "{35FAE4BB-B00A-4E8F-A093-34353090AECD}"
EndProject
Global
	GlobalSection(SolutionConfigurationPlatforms) = preSolution
		Debug|Win32 = Debug|Win32
		Debug|x64 = Debug|x64
		Release|Win32 = Release|Win32
		Release|x64 = Release|x64
	EndGlobalSection
	GlobalSection(ProjectConfigurationPlatforms) = postSolution
		{4BB519D0-F31A-461F-B69B-486ECA95DE90}.Debug|Win32.ActiveCfg = Debug|Win32
		{4BB519D0-F31A-461F-B69B-486ECA95DE90}.Debug|Win32.Build.0 = Debug|Win32
		{4BB519D0-F31A-461F-B69B-486ECA95DE90}.Debug|x64.ActiveCfg = Debug|x64
		{4BB519D0-F31A-461F-B69B-486ECA95DE90}.Debug|x64.Build.0 = Debug|x64
		{4BB519D0-F31A-461F-B69B-486ECA95DE90}.Release|Win32.ActiveCfg = Release|Win32
		{4BB519D0-F31A-461F-B69B-486ECA95DE90}.Release|Win32.Build.0 = Release|Win32
		{4BB519D0-F31A-461F-B69B-486ECA95DE90}.Release|x64.ActiveCfg = Release|x64
		{4BB519D0-F31A-461F-B69B-486ECA95DE90}.Release|x64.Build.0 = Release|x64
		{D3051AAC-8129-45F9-A755-9CBB7C61D91D}.Debug|Win32.ActiveCfg = Debug|Win32
		{D3051AAC-8129-45F9-A755-9CBB7C61D91D}.Debug|Win32.Build.0 = Debug|Win32
		{D3051AAC-8129-45F9-A755-9CBB7C61D91D}.Debug|x64.ActiveCfg = Debug|x64
		{D3051AAC-8129-45F9-A755-9CBB7C61D91D}.Debug|x64.Build.0 = Debug|x64
		{D3051AAC-8129-45F9-A755-9CBB7C61D91D}.Release|Win32.ActiveCfg = Release|Win32
		{D3051AAC-8129-45F9-A755-9CBB7C61D91D}.Release|Win32.Build.0 = Release|Win32
		{D3051AAC-8129-45F9-A755-9CBB7C61D91D}.Release|x64.ActiveCfg = Release|x64
		{D3051AAC-8129-45F9-A755-9CBB7C61D91D}.Release|x64.Build.0 = Release|x64
		{284538AC-D315-437E-AD31-D40934A43236}.Debug|Win32.ActiveCfg = Debug|Win32
		{284538AC-D315-437E-AD31-D40934A43236}.Debug|Win32.Build.0 = Debug|Win32
		{284538AC-D315-437E-AD31-D40934A43236}.Debug|x64.ActiveCfg = Debug|x64
		{284538AC-D315-437E-AD31-D40934A43236}.Debug|x64.Build.0 = Debug|x64
		{284538AC-D315-437E-AD31-D40934A43236}.Release|Win32.ActiveCfg = Release|Win32
		{284538AC-D315-437E-AD31-D40934A43236}.Release|Win32.Build.0 = Release|Win32
		{284538AC-D315-437E-AD31-D40934A43236}.Release|x64.ActiveCfg = Release|x64
		{284538AC-D315-437E-AD31-D40934A43236}.Release|x64.Build.0 = Release|x64
		{4B291D95-C2CA-49E3-9EB5-B9F855D32AA0}.Debug|Win32.ActiveCfg = Debug|Win32
		{4B291D95-C2CA-49E3-9EB5-B9F855D32AA0}.Debug|Win32.Build.0 = Debug|Win32
		{4B291D95-C2CA-49E3-9EB5-B9F855D32AA0}.Debug|x64.ActiveCfg = Debug|x64
		{4B291D95-C2CA-49E3-9EB5-B9F855D32AA0}.Debug|x64.Build.0 = Debug|x64
		{4B291D95-C2CA-49E3-9EB5-B9F855D32AA0}.Release|Win32.ActiveCfg = Release|Win32
		{4B291D95-C2CA-49E3-9EB5-B9F855D32AA0}.Release|Win32.Build.0 = Release|Win32
		{4B291D95-C2CA-49E3-9EB5-B9F855D32AA0}.Release|x64.ActiveCfg = Release|x64
		{4B291D95-C2CA-49E3-9EB5-B9F855D32AA0}.Release|x64.Build.0 = Release|x64
		{35FAE4BB-B00A-4E8F-A093-34353090AECD}.Debug|Win32.ActiveCfg = Debug|Win32
		{35FAE4BB-B00A-4E8F-A093-34353090AECD}.Debug|Win32.Build.0 = Debug|Win32
		{35FAE4BB-B00A-4E8F-A093-34353090AECD}.Debug|x64.ActiveCfg = Debug|x64
		{35FAE4BB-B00A-4E8F-A093-34353090AECD}.Debug|x64.Build.0 = Debug|x64
		{35FAE4BB-B00A-4E8F-A093-34353090AECD}.Release|Win32.ActiveCfg = Release|Win32
		{35FAE4BB-B00A-4E8F-A093-34353090AECD}.Release|Win32.Build.0 = Release|Win32
		{35FAE4BB-B00A-4E8F-A093-34353090AECD}.Release|x64.ActiveCfg = Release|x64
		{35FAE4BB-B00A-4E8F-A093-34353090AECD}.Release|x64.Build.0 = Release|x64
	EndGlobalSection
	GlobalSection(SolutionProperties) = preSolution
		HideSolutionNode = FALSE
	EndGlobalSection
	GlobalSection(NestedProjects) = preSolution
		{4BB519D0-F31A-461F-B69B-486ECA95DE90} = {B589C133-832B-4B29-B7E8-C6C1B21731BE}
		{D3051AAC-8129-45F9-A755-9CBB7C61D91D} = {1801F702-E35F-488A-B695-A7396F955680}
		{284538AC-D315-437E-AD31-D40934A43236} = {1801F702-E35F-488A-B695-A7396F955680}
		{4B291D95-C2CA-49E3-9EB5-B9F855D32AA0} = {1801F702-E35F-488A-B695-A7396F955680}
		{35FAE4BB-B00A-4E8F-A093-34353090AECD} = {B6FAACD0-748B-432E-9010-B1A03B3CFDF2}
	EndGlobalSection
	GlobalSection(ExtensibilityGlobals) = postSolution
		SolutionGuid = {9FEEEA5A-ED55-4343-96C8-EC2C2DC1E00A}
	EndGlobalSection
EndGlobal
