<?xml version="1.0" encoding="utf-8"?>
<Project ToolsVersion="4.0" xmlns="http://schemas.microsoft.com/developer/msbuild/2003">
  <ItemGroup>
    <Filter Include="Source Files">
      <UniqueIdentifier>{4FC737F1-C7A5-4376-A066-2A32D752A2FF}</UniqueIdentifier>
      <Extensions>cpp;c;cc;cxx;def;odl;idl;hpj;bat;asm;asmx</Extensions>
    </Filter>
    <Filter Include="Header Files">
      <UniqueIdentifier>{93995380-89BD-4b04-88EB-625FBE52EBFB}</UniqueIdentifier>
      <Extensions>h;hh;hpp;hxx;hm;inl;inc;ipp;xsd</Extensions>
    </Filter>
    <Filter Include="Resource Files">
      <UniqueIdentifier>{67DA6AB6-F800-4c08-8B7A-83BB121AAD01}</UniqueIdentifier>
      <Extensions>rc;ico;cur;bmp;dlg;rc2;rct;bin;rgs;gif;jpg;jpeg;jpe;resx;tiff;tif;png;wav;mfcribbon-ms</Extensions>
    </Filter>
    <Filter Include="Header Files\UI">
      <UniqueIdentifier>{b5bce955-ec36-40e2-af95-63f392d88997}</UniqueIdentifier>
    </Filter>
    <Filter Include="Source Files\UI">
      <UniqueIdentifier>{90478976-0930-4740-b72e-0422be74e007}</UniqueIdentifier>
    </Filter>
    <Filter Include="Header Files\Config">
      <UniqueIdentifier>{d54231b0-8b8e-45c8-92a3-8cad496f01bb}</UniqueIdentifier>
    </Filter>
    <Filter Include="Header Files\Worker">
      <UniqueIdentifier>{0ea94777-0fa9-4291-9f54-0a25cea23983}</UniqueIdentifier>
    </Filter>
  </ItemGroup>
  <ItemGroup>
    <ClInclude Include="MainApp.h">
      <Filter>Header Files</Filter>
    </ClInclude>
    <ClInclude Include="targetver.h">
      <Filter>Header Files</Filter>
    </ClInclude>
    <ClInclude Include="ui\MainFrame.h">
      <Filter>Header Files\UI</Filter>
    </ClInclude>
    <ClInclude Include="ui\UIFormatsDialog.h">
      <Filter>Header Files\UI</Filter>
    </ClInclude>
    <ClInclude Include="ui\UIMainFrame.h">
      <Filter>Header Files\UI</Filter>
    </ClInclude>
    <ClInclude Include="ui\UIPathsDialog.h">
      <Filter>Header Files\UI</Filter>
    </ClInclude>
    <ClInclude Include="ui\UIPresetsDialog.h">
      <Filter>Header Files\UI</Filter>
    </ClInclude>
    <ClInclude Include="ui\UIToolsDialog.h">
      <Filter>Header Files\UI</Filter>
    </ClInclude>
    <ClInclude Include="ui\UIAboutDialog.h">
      <Filter>Header Files\UI</Filter>
    </ClInclude>
    <ClInclude Include="ui\ItemsList.h">
      <Filter>Header Files\UI</Filter>
    </ClInclude>
    <ClInclude Include="res\version.h">
      <Filter>Resource Files</Filter>
    </ClInclude>
    <ClInclude Include="core\config\Config.h">
      <Filter>Header Files\Config</Filter>
    </ClInclude>
    <ClInclude Include="core\config\Format.h">
      <Filter>Header Files\Config</Filter>
    </ClInclude>
    <ClInclude Include="core\config\Item.h">
      <Filter>Header Files\Config</Filter>
    </ClInclude>
    <ClInclude Include="core\config\Language.h">
      <Filter>Header Files\Config</Filter>
    </ClInclude>
    <ClInclude Include="core\config\Options.h">
      <Filter>Header Files\Config</Filter>
    </ClInclude>
    <ClInclude Include="core\config\Path.h">
      <Filter>Header Files\Config</Filter>
    </ClInclude>
    <ClInclude Include="core\config\Preset.h">
      <Filter>Header Files\Config</Filter>
    </ClInclude>
    <ClInclude Include="core\config\Settings.h">
      <Filter>Header Files\Config</Filter>
    </ClInclude>
    <ClInclude Include="core\config\Strings.h">
      <Filter>Header Files\Config</Filter>
    </ClInclude>
    <ClInclude Include="core\config\Tool.h">
      <Filter>Header Files\Config</Filter>
    </ClInclude>
    <ClInclude Include="core\worker\CommandLine.h">
      <Filter>Header Files\Worker</Filter>
    </ClInclude>
    <ClInclude Include="core\worker\InputPath.h">
      <Filter>Header Files\Worker</Filter>
    </ClInclude>
    <ClInclude Include="core\worker\LuaProgess.h">
      <Filter>Header Files\Worker</Filter>
    </ClInclude>
    <ClInclude Include="core\worker\OutputPath.h">
      <Filter>Header Files\Worker</Filter>
    </ClInclude>
    <ClInclude Include="core\worker\ToolDownloader.h">
      <Filter>Header Files\Worker</Filter>
    </ClInclude>
    <ClInclude Include="core\worker\Win32.h">
      <Filter>Header Files\Worker</Filter>
    </ClInclude>
    <ClInclude Include="core\worker\Worker.h">
      <Filter>Header Files\Worker</Filter>
    </ClInclude>
    <ClInclude Include="core\worker\WorkerContext.h">
      <Filter>Header Files\Worker</Filter>
    </ClInclude>
    <ClInclude Include="Headers.h">
      <Filter>Header Files</Filter>
    </ClInclude>
  </ItemGroup>
  <ItemGroup>
    <ClCompile Include="MainApp.cpp">
      <Filter>Source Files</Filter>
    </ClCompile>
    <ClCompile Include="ui\MainFrame.cpp">
      <Filter>Source Files\UI</Filter>
    </ClCompile>
    <ClCompile Include="ui\UIFormatsDialog.cpp">
      <Filter>Source Files\UI</Filter>
    </ClCompile>
    <ClCompile Include="ui\UIMainFrame.cpp">
      <Filter>Source Files\UI</Filter>
    </ClCompile>
    <ClCompile Include="ui\UIPathsDialog.cpp">
      <Filter>Source Files\UI</Filter>
    </ClCompile>
    <ClCompile Include="ui\UIPresetsDialog.cpp">
      <Filter>Source Files\UI</Filter>
    </ClCompile>
    <ClCompile Include="ui\UIToolsDialog.cpp">
      <Filter>Source Files\UI</Filter>
    </ClCompile>
    <ClCompile Include="ui\UIAboutDialog.cpp">
      <Filter>Source Files\UI</Filter>
    </ClCompile>
  </ItemGroup>
  <ItemGroup>
    <Image Include="res\icon.ico">
      <Filter>Resource Files</Filter>
    </Image>
  </ItemGroup>
  <ItemGroup>
    <ResourceCompile Include="res\icon.rc">
      <Filter>Resource Files</Filter>
    </ResourceCompile>
    <ResourceCompile Include="res\version.rc">
      <Filter>Resource Files</Filter>
    </ResourceCompile>
  </ItemGroup>
  <ItemGroup>
    <None Include="res\icon.xpm">
      <Filter>Resource Files</Filter>
    </None>
  </ItemGroup>
</Project>